{
  "name": "languages-details",
  "version": "1.0.3",
  "lockfileVersion": 3,
  "requires": true,
  "packages": {
    "": {
      "name": "languages-details",
      "version": "1.0.3",
      "license": "ISC",
      "dependencies": {
        "languages-details": "^1.0.1"
      }
    },
    "node_modules/languages-details": {
      "version": "1.0.3",
      "resolved": "https://registry.npmjs.org/languages-details/-/languages-details-1.0.3.tgz",
      "integrity": "sha512-QYzW9RHfsyO+xTwO9n9csicqVZ6cyicGcEhUUFGIsKTA0KArSpZHXR4vr2rFFR+wC1HxqBHEpTON2wagerDfAg==",
      "license": "ISC",
      "dependencies": {
        "languages-details": "^1.0.1"
      }
    }
  }
}
